
Microsoft Visual Studio Solution File, Format Version 12.00
# Visual Studio Version 16
VisualStudioVersion = 16.0.31410.357
MinimumVisualStudioVersion = 10.0.40219.1
Project("{9A19103F-16F7-4668-BE54-9A1E7A4F7556}") = "ConsoleArboles", "ConsoleArboles\ConsoleArboles.csproj", "{266D9A79-A75B-478D-B547-65AD3F7962CA}"
EndProject
Project("{FAE04EC0-301F-11D3-BF4B-00C04F79EFBC}") = "ArbolNodo", "ArbolNodo\ArbolNodo.csproj", "{06732B59-FD10-4856-B5AB-CFFF3CB39D6D}"
EndProject
Global
	GlobalSection(SolutionConfigurationPlatforms) = preSolution
		Debug|Any CPU = Debug|Any CPU
		Release|Any CPU = Release|Any CPU
	EndGlobalSection
	GlobalSection(ProjectConfigurationPlatforms) = postSolution
		{266D9A79-A75B-478D-B547-65AD3F7962CA}.Debug|Any CPU.ActiveCfg = Debug|Any CPU
		{266D9A79-A75B-478D-B547-65AD3F7962CA}.Debug|Any CPU.Build.0 = Debug|Any CPU
		{266D9A79-A75B-478D-B547-65AD3F7962CA}.Release|Any CPU.ActiveCfg = Release|Any CPU
		{266D9A79-A75B-478D-B547-65AD3F7962CA}.Release|Any CPU.Build.0 = Release|Any CPU
		{06732B59-FD10-4856-B5AB-CFFF3CB39D6D}.Debug|Any CPU.ActiveCfg = Debug|Any CPU
		{06732B59-FD10-4856-B5AB-CFFF3CB39D6D}.Debug|Any CPU.Build.0 = Debug|Any CPU
		{06732B59-FD10-4856-B5AB-CFFF3CB39D6D}.Release|Any CPU.ActiveCfg = Release|Any CPU
		{06732B59-FD10-4856-B5AB-CFFF3CB39D6D}.Release|Any CPU.Build.0 = Release|Any CPU
	EndGlobalSection
	GlobalSection(SolutionProperties) = preSolution
		HideSolutionNode = FALSE
	EndGlobalSection
	GlobalSection(ExtensibilityGlobals) = postSolution
		SolutionGuid = {EE271E76-CFB2-4198-94A8-240C3B9300FC}
	EndGlobalSection
EndGlobal
